
Microsoft Visual Studio Solution File, Format Version 12.00
# Visual Studio Version 17
VisualStudioVersion = 17.14.36414.22 d17.14
MinimumVisualStudioVersion = 10.0.40219.1
Project("{FAE04EC0-301F-11D3-BF4B-00C04F79EFBC}") = "DomainDrivenDesign.Practices.Domain", "DomainDrivenDesign.Practices.Domain\DomainDrivenDesign.Practices.Domain.csproj", "{1A304C82-4917-4EAE-9ADE-C7F649CA4E88}"
EndProject
Project("{FAE04EC0-301F-11D3-BF4B-00C04F79EFBC}") = "ConsoleApp", "ConsoleApp\ConsoleApp.csproj", "{104B272C-D76B-468D-A74A-9FA8331415DE}"
EndProject
Global
	GlobalSection(SolutionConfigurationPlatforms) = preSolution
		Debug|Any CPU = Debug|Any CPU
		Release|Any CPU = Release|Any CPU
	EndGlobalSection
	GlobalSection(ProjectConfigurationPlatforms) = postSolution
		{1A304C82-4917-4EAE-9ADE-C7F649CA4E88}.Debug|Any CPU.ActiveCfg = Debug|Any CPU
		{1A304C82-4917-4EAE-9ADE-C7F649CA4E88}.Debug|Any CPU.Build.0 = Debug|Any CPU
		{1A304C82-4917-4EAE-9ADE-C7F649CA4E88}.Release|Any CPU.ActiveCfg = Release|Any CPU
		{1A304C82-4917-4EAE-9ADE-C7F649CA4E88}.Release|Any CPU.Build.0 = Release|Any CPU
		{104B272C-D76B-468D-A74A-9FA8331415DE}.Debug|Any CPU.ActiveCfg = Debug|Any CPU
		{104B272C-D76B-468D-A74A-9FA8331415DE}.Debug|Any CPU.Build.0 = Debug|Any CPU
		{104B272C-D76B-468D-A74A-9FA8331415DE}.Release|Any CPU.ActiveCfg = Release|Any CPU
		{104B272C-D76B-468D-A74A-9FA8331415DE}.Release|Any CPU.Build.0 = Release|Any CPU
	EndGlobalSection
	GlobalSection(SolutionProperties) = preSolution
		HideSolutionNode = FALSE
	EndGlobalSection
	GlobalSection(ExtensibilityGlobals) = postSolution
		SolutionGuid = {06F667AF-8FC2-4CDE-A689-2ED7CFF1D8C2}
	EndGlobalSection
EndGlobal
